
Microsoft Visual Studio Solution File, Format Version 12.00
# Visual Studio Version 17
VisualStudioVersion = 17.0.31903.59
MinimumVisualStudioVersion = 10.0.40219.1
Project("{FAE04EC0-301F-11D3-BF4B-00C04F79EFBC}") = "CodexUsageWidget.App", "CodexUsageWidget.App\CodexUsageWidget.App.csproj", "{051F969E-8535-4D41-BDF4-3AA6360BCC54}"
EndProject
Project("{FAE04EC0-301F-11D3-BF4B-00C04F79EFBC}") = "CodexUsageWidget.Tests", "CodexUsageWidget.Tests\CodexUsageWidget.Tests.csproj", "{4A71B1C1-7401-4370-8EA4-80FC9C964E54}"
EndProject
Global
	GlobalSection(SolutionConfigurationPlatforms) = preSolution
		Debug|Any CPU = Debug|Any CPU
		Release|Any CPU = Release|Any CPU
	EndGlobalSection
	GlobalSection(SolutionProperties) = preSolution
		HideSolutionNode = FALSE
	EndGlobalSection
	GlobalSection(ProjectConfigurationPlatforms) = postSolution
		{051F969E-8535-4D41-BDF4-3AA6360BCC54}.Debug|Any CPU.ActiveCfg = Debug|Any CPU
		{051F969E-8535-4D41-BDF4-3AA6360BCC54}.Debug|Any CPU.Build.0 = Debug|Any CPU
		{051F969E-8535-4D41-BDF4-3AA6360BCC54}.Release|Any CPU.ActiveCfg = Release|Any CPU
		{051F969E-8535-4D41-BDF4-3AA6360BCC54}.Release|Any CPU.Build.0 = Release|Any CPU
		{4A71B1C1-7401-4370-8EA4-80FC9C964E54}.Debug|Any CPU.ActiveCfg = Debug|Any CPU
		{4A71B1C1-7401-4370-8EA4-80FC9C964E54}.Debug|Any CPU.Build.0 = Debug|Any CPU
		{4A71B1C1-7401-4370-8EA4-80FC9C964E54}.Release|Any CPU.ActiveCfg = Release|Any CPU
		{4A71B1C1-7401-4370-8EA4-80FC9C964E54}.Release|Any CPU.Build.0 = Release|Any CPU
	EndGlobalSection
EndGlobal
